
Microsoft Visual Studio Solution File, Format Version 12.00
# Visual Studio Version 17
VisualStudioVersion = 17.0.31903.59
MinimumVisualStudioVersion = 10.0.40219.1
Project("{FAE04EC0-301F-11D3-BF4B-00C04F79EFBC}") = "DaprCounter", "DaprCounter\DaprCounter.csproj", "{11BB9BCA-7D70-4519-B381-F1E8F1235603}"
EndProject
Global
	GlobalSection(SolutionConfigurationPlatforms) = preSolution
		Debug|Any CPU = Debug|Any CPU
		Release|Any CPU = Release|Any CPU
	EndGlobalSection
	GlobalSection(ProjectConfigurationPlatforms) = postSolution
		{11BB9BCA-7D70-4519-B381-F1E8F1235603}.Debug|Any CPU.ActiveCfg = Debug|Any CPU
		{11BB9BCA-7D70-4519-B381-F1E8F1235603}.Debug|Any CPU.Build.0 = Debug|Any CPU
		{11BB9BCA-7D70-4519-B381-F1E8F1235603}.Release|Any CPU.ActiveCfg = Release|Any CPU
		{11BB9BCA-7D70-4519-B381-F1E8F1235603}.Release|Any CPU.Build.0 = Release|Any CPU
	EndGlobalSection
	GlobalSection(SolutionProperties) = preSolution
		HideSolutionNode = FALSE
	EndGlobalSection
	GlobalSection(ExtensibilityGlobals) = postSolution
		SolutionGuid = {A76BFD84-76A6-44B8-9E86-F43F917496BA}
	EndGlobalSection
EndGlobal
